
Microsoft Visual Studio Solution File, Format Version 11.00
# Visual Studio 2010
Project("{8BC9CEB8-8B4A-11D0-8D11-00A0C91BC942}") = "VIPOT", "VIPOT\VIPOT.vcxproj", "{F0F52EE3-ED2A-417A-A3BE-505DFA781EAA}"
EndProject
Project("{8BC9CEB8-8B4A-11D0-8D11-00A0C91BC942}") = "mprocessT", "mprocessT\mprocessT.vcxproj", "{82C079E9-C062-4BDC-8826-797E27960A2F}"
EndProject
Project("{8BC9CEB8-8B4A-11D0-8D11-00A0C91BC942}") = "mprocessclient", "mprocessclient\mprocessclient.vcxproj", "{9611EB07-232A-44F3-AEFA-B5F57DD6A670}"
EndProject
Project("{8BC9CEB8-8B4A-11D0-8D11-00A0C91BC942}") = "mthreadT", "mthreadT\mthreadT.vcxproj", "{1D0BC821-47E4-468B-B4C6-3AA8A561C0DC}"
EndProject
Project("{8BC9CEB8-8B4A-11D0-8D11-00A0C91BC942}") = "xthread", "xthread\xthread.vcxproj", "{2C60A5CD-68E9-450B-B17C-652C71E930F2}"
EndProject
Global
	GlobalSection(SolutionConfigurationPlatforms) = preSolution
		Debug|Win32 = Debug|Win32
		Release|Win32 = Release|Win32
	EndGlobalSection
	GlobalSection(ProjectConfigurationPlatforms) = postSolution
		{F0F52EE3-ED2A-417A-A3BE-505DFA781EAA}.Debug|Win32.ActiveCfg = Debug|Win32
		{F0F52EE3-ED2A-417A-A3BE-505DFA781EAA}.Debug|Win32.Build.0 = Debug|Win32
		{F0F52EE3-ED2A-417A-A3BE-505DFA781EAA}.Release|Win32.ActiveCfg = Release|Win32
		{F0F52EE3-ED2A-417A-A3BE-505DFA781EAA}.Release|Win32.Build.0 = Release|Win32
		{82C079E9-C062-4BDC-8826-797E27960A2F}.Debug|Win32.ActiveCfg = Debug|Win32
		{82C079E9-C062-4BDC-8826-797E27960A2F}.Debug|Win32.Build.0 = Debug|Win32
		{82C079E9-C062-4BDC-8826-797E27960A2F}.Release|Win32.ActiveCfg = Release|Win32
		{82C079E9-C062-4BDC-8826-797E27960A2F}.Release|Win32.Build.0 = Release|Win32
		{9611EB07-232A-44F3-AEFA-B5F57DD6A670}.Debug|Win32.ActiveCfg = Debug|Win32
		{9611EB07-232A-44F3-AEFA-B5F57DD6A670}.Debug|Win32.Build.0 = Debug|Win32
		{9611EB07-232A-44F3-AEFA-B5F57DD6A670}.Release|Win32.ActiveCfg = Release|Win32
		{9611EB07-232A-44F3-AEFA-B5F57DD6A670}.Release|Win32.Build.0 = Release|Win32
		{1D0BC821-47E4-468B-B4C6-3AA8A561C0DC}.Debug|Win32.ActiveCfg = Debug|Win32
		{1D0BC821-47E4-468B-B4C6-3AA8A561C0DC}.Debug|Win32.Build.0 = Debug|Win32
		{1D0BC821-47E4-468B-B4C6-3AA8A561C0DC}.Release|Win32.ActiveCfg = Release|Win32
		{1D0BC821-47E4-468B-B4C6-3AA8A561C0DC}.Release|Win32.Build.0 = Release|Win32
		{2C60A5CD-68E9-450B-B17C-652C71E930F2}.Debug|Win32.ActiveCfg = Debug|Win32
		{2C60A5CD-68E9-450B-B17C-652C71E930F2}.Debug|Win32.Build.0 = Debug|Win32
		{2C60A5CD-68E9-450B-B17C-652C71E930F2}.Release|Win32.ActiveCfg = Release|Win32
		{2C60A5CD-68E9-450B-B17C-652C71E930F2}.Release|Win32.Build.0 = Release|Win32
	EndGlobalSection
	GlobalSection(SolutionProperties) = preSolution
		HideSolutionNode = FALSE
	EndGlobalSection
EndGlobal
